{
  "nodes": {
    "ags": {
      "inputs": {
        "astal": "astal",
        "nixpkgs": "nixpkgs"
      },
      "locked": {
        "lastModified": 1754932414,
        "narHash": "sha256-V8c+68Axn5AGDCaG9Zv+EqNU4D6xWPHNXLIapq6AGiM=",
        "owner": "aylur",
        "repo": "ags",
        "rev": "9e6912b51d7bc58f35d10b11be1a126b926b56d3",
        "type": "github"
      },
      "original": {
        "owner": "aylur",
        "repo": "ags",
        "type": "github"
      }
    },
    "ags_2": {
      "inputs": {
        "astal": "astal_2",
        "nixpkgs": "nixpkgs_3"
      },
      "locked": {
        "lastModified": 1744557573,
        "narHash": "sha256-XAyj0iDuI51BytJ1PwN53uLpzTDdznPDQFG4RwihlTQ=",
        "owner": "aylur",
        "repo": "ags",
        "rev": "3ed9737bdbc8fc7a7c7ceef2165c9109f336bff6",
        "type": "github"
      },
      "original": {
        "owner": "aylur",
        "repo": "ags",
        "type": "github"
      }
    },
    "astal": {
      "inputs": {
        "nixpkgs": [
          "ags",
          "nixpkgs"
        ]
      },
      "locked": {
        "lastModified": 1752404970,
        "narHash": "sha256-XULTToDUkIshNXEO+YP2mAHdQv8bxWDvKjbamBfOC8E=",
        "owner": "aylur",
        "repo": "astal",
        "rev": "2c5eb54f39e1710c6e2c80915a240978beb3269a",
        "type": "github"
      },
      "original": {
        "owner": "aylur",
        "repo": "astal",
        "type": "github"
      }
    },
    "astal_2": {
      "inputs": {
        "nixpkgs": [
          "gtk-shell",
          "ags",
          "nixpkgs"
        ]
      },
      "locked": {
        "lastModified": 1742571008,
        "narHash": "sha256-5WgfJAeBpxiKbTR/gJvxrGYfqQRge5aUDcGKmU1YZ1Q=",
        "owner": "aylur",
        "repo": "astal",
        "rev": "dc0e5d37abe9424c53dcbd2506a4886ffee6296e",
        "type": "github"
      },
      "original": {
        "owner": "aylur",
        "repo": "astal",
        "type": "github"
      }
    },
    "glunch": {
      "inputs": {
        "nixpkgs": "nixpkgs_2"
      },
      "locked": {
        "lastModified": 1748886638,
        "narHash": "sha256-XeYu5kOCVt3PThnROaWAWVzwtDpbFKrfnGAQV3GTP5M=",
        "owner": "andreasuvoss",
        "repo": "glunch",
        "rev": "f6e48a3c8e5272f651869a53d8980ae3c8281754",
        "type": "github"
      },
      "original": {
        "owner": "andreasuvoss",
        "repo": "glunch",
        "type": "github"
      }
    },
    "gtk-shell": {
      "inputs": {
        "ags": "ags_2",
        "nixpkgs": "nixpkgs_4"
      },
      "locked": {
        "lastModified": 1749749799,
        "narHash": "sha256-t7tUCPoOwtK7xLIuEold9xqmwid/d1IvQF8UyLRpc2Q=",
        "ref": "refs/heads/main",
        "rev": "bf0c9313871185bd27f2034698d269599b40d9e4",
        "revCount": 9,
        "type": "git",
        "url": "ssh://git@github.com/andreasuvoss/gtk-shell.git"
      },
      "original": {
        "type": "git",
        "url": "ssh://git@github.com/andreasuvoss/gtk-shell.git"
      }
    },
    "home-manager": {
      "inputs": {
        "nixpkgs": [
          "nixpkgs"
        ]
      },
      "locked": {
        "lastModified": 1753592768,
        "narHash": "sha256-oV695RvbAE4+R9pcsT9shmp6zE/+IZe6evHWX63f2Qg=",
        "owner": "nix-community",
        "repo": "home-manager",
        "rev": "fc3add429f21450359369af74c2375cb34a2d204",
        "type": "github"
      },
      "original": {
        "owner": "nix-community",
        "ref": "release-25.05",
        "repo": "home-manager",
        "type": "github"
      }
    },
    "nixpkgs": {
      "locked": {
        "lastModified": 1754214453,
        "narHash": "sha256-Q/I2xJn/j1wpkGhWkQnm20nShYnG7TI99foDBpXm1SY=",
        "owner": "nixos",
        "repo": "nixpkgs",
        "rev": "5b09dc45f24cf32316283e62aec81ffee3c3e376",
        "type": "github"
      },
      "original": {
        "owner": "nixos",
        "ref": "nixos-unstable",
        "repo": "nixpkgs",
        "type": "github"
      }
    },
    "nixpkgs-unstable": {
      "locked": {
        "lastModified": 1755186698,
        "narHash": "sha256-wNO3+Ks2jZJ4nTHMuks+cxAiVBGNuEBXsT29Bz6HASo=",
        "owner": "nixos",
        "repo": "nixpkgs",
        "rev": "fbcf476f790d8a217c3eab4e12033dc4a0f6d23c",
        "type": "github"
      },
      "original": {
        "owner": "nixos",
        "ref": "nixos-unstable",
        "repo": "nixpkgs",
        "type": "github"
      }
    },
    "nixpkgs_2": {
      "locked": {
        "lastModified": 1748693115,
        "narHash": "sha256-StSrWhklmDuXT93yc3GrTlb0cKSS0agTAxMGjLKAsY8=",
        "owner": "nixos",
        "repo": "nixpkgs",
        "rev": "910796cabe436259a29a72e8d3f5e180fc6dfacc",
        "type": "github"
      },
      "original": {
        "owner": "nixos",
        "ref": "nixos-unstable",
        "repo": "nixpkgs",
        "type": "github"
      }
    },
    "nixpkgs_3": {
      "locked": {
        "lastModified": 1743583204,
        "narHash": "sha256-F7n4+KOIfWrwoQjXrL2wD9RhFYLs2/GGe/MQY1sSdlE=",
        "owner": "nixos",
        "repo": "nixpkgs",
        "rev": "2c8d3f48d33929642c1c12cd243df4cc7d2ce434",
        "type": "github"
      },
      "original": {
        "owner": "nixos",
        "ref": "nixos-unstable",
        "repo": "nixpkgs",
        "type": "github"
      }
    },
    "nixpkgs_4": {
      "locked": {
        "lastModified": 1748460289,
        "narHash": "sha256-7doLyJBzCllvqX4gszYtmZUToxKvMUrg45EUWaUYmBg=",
        "owner": "nixos",
        "repo": "nixpkgs",
        "rev": "96ec055edbe5ee227f28cdbc3f1ddf1df5965102",
        "type": "github"
      },
      "original": {
        "owner": "nixos",
        "ref": "nixos-unstable",
        "repo": "nixpkgs",
        "type": "github"
      }
    },
    "nixpkgs_5": {
      "locked": {
        "lastModified": 1755539312,
        "narHash": "sha256-QvMGl77svG9j4BqQvKiiK1axrNuuIDEDtw9BLdh6nxU=",
        "owner": "nixos",
        "repo": "nixpkgs",
        "rev": "4d53240ddfc94683f327ed90efa8eb16c104ed09",
        "type": "github"
      },
      "original": {
        "owner": "nixos",
        "ref": "release-25.05",
        "repo": "nixpkgs",
        "type": "github"
      }
    },
    "nvim-autotag": {
      "flake": false,
      "locked": {
        "lastModified": 1739910276,
        "narHash": "sha256-a3Bcql68mp3y5bH9XMiDTQB0e75T+qFB593objIGg/I=",
        "owner": "windwp",
        "repo": "nvim-ts-autotag",
        "rev": "a1d526af391f6aebb25a8795cbc05351ed3620b5",
        "type": "github"
      },
      "original": {
        "owner": "windwp",
        "repo": "nvim-ts-autotag",
        "type": "github"
      }
    },
    "root": {
      "inputs": {
        "ags": "ags",
        "glunch": "glunch",
        "gtk-shell": "gtk-shell",
        "home-manager": "home-manager",
        "nixpkgs": "nixpkgs_5",
        "nixpkgs-unstable": "nixpkgs-unstable",
        "nvim-autotag": "nvim-autotag"
      }
    }
  },
  "root": "root",
  "version": 7
}
